<?xml version="1.0" encoding="utf-8"?>
<Project ToolsVersion="4.0" xmlns="http://schemas.microsoft.com/developer/msbuild/2003">
  <ItemGroup>
    <Filter Include="资源文件">
      <UniqueIdentifier>{67DA6AB6-F800-4c08-8B7A-83BB121AAD01}</UniqueIdentifier>
      <Extensions>rc;ico;cur;bmp;dlg;rc2;rct;bin;rgs;gif;jpg;jpeg;jpe;resx;tiff;tif;png;wav;mfcribbon-ms</Extensions>
    </Filter>
    <Filter Include="MalodyReader">
      <UniqueIdentifier>{93995380-89BD-4b04-88EB-625FBE52EBFB}</UniqueIdentifier>
      <Extensions>h;hh;hpp;hxx;h++;hm;inl;inc;ipp;xsd</Extensions>
    </Filter>
    <Filter Include="DEMO">
      <UniqueIdentifier>{4FC737F1-C7A5-4376-A066-2A32D752A2FF}</UniqueIdentifier>
      <Extensions>cpp;c;cc;cxx;c++;cppm;ixx;def;odl;idl;hpj;bat;asm;asmx</Extensions>
    </Filter>
    <Filter Include="MalodyReader\Base">
      <UniqueIdentifier>{6523be8f-c17f-484c-af58-2e3baaf9804f}</UniqueIdentifier>
    </Filter>
  </ItemGroup>
  <ItemGroup>
    <ClCompile Include="demo.cpp">
      <Filter>DEMO</Filter>
    </ClCompile>
    <ClCompile Include="Malody_Reader_Base\Malody_Algorithm.cpp">
      <Filter>MalodyReader\Base</Filter>
    </ClCompile>
  </ItemGroup>
  <ItemGroup>
    <ClInclude Include="MalodyReader.hpp">
      <Filter>MalodyReader</Filter>
    </ClInclude>
    <ClInclude Include="Malody_Reader_Base\Malody_Algorithm.hpp">
      <Filter>MalodyReader\Base</Filter>
    </ClInclude>
    <ClInclude Include="Malody_Reader_Base\Process.hpp">
      <Filter>MalodyReader\Base</Filter>
    </ClInclude>
    <ClInclude Include="Malody_Reader_Base\Read_Base.hpp">
      <Filter>MalodyReader\Base</Filter>
    </ClInclude>
    <ClInclude Include="Malody_Reader_Base\Read_DataInGame.hpp">
      <Filter>MalodyReader\Base</Filter>
    </ClInclude>
    <ClInclude Include="Malody_Reader_Base\Read_DataInResult.hpp">
      <Filter>MalodyReader\Base</Filter>
    </ClInclude>
    <ClInclude Include="Malody_Reader_Base\Read_Game.hpp">
      <Filter>MalodyReader\Base</Filter>
    </ClInclude>
    <ClInclude Include="Malody_Reader_Base\Read_LocalPlayer.hpp">
      <Filter>MalodyReader\Base</Filter>
    </ClInclude>
    <ClInclude Include="Malody_Reader_Base\Read_Map.hpp">
      <Filter>MalodyReader\Base</Filter>
    </ClInclude>
    <ClInclude Include="Malody_Reader_Base\Read_Mods.h">
      <Filter>MalodyReader\Base</Filter>
    </ClInclude>
    <ClInclude Include="Malody_Reader_Base\Read_MpResultData.h">
      <Filter>MalodyReader\Base</Filter>
    </ClInclude>
    <ClInclude Include="Malody_Reader_Base\Singleton.hpp">
      <Filter>MalodyReader\Base</Filter>
    </ClInclude>
    <ClInclude Include="Malody_Reader_Base\Struct.hpp">
      <Filter>MalodyReader\Base</Filter>
    </ClInclude>
  </ItemGroup>
</Project>